# This file is autogenerated, do not edit; changes may be undone by the next 'dep ensure'.


[[projects]]
  digest = "1:e92f5581902c345eb4ceffdcd4a854fb8f73cf436d47d837d1ec98ef1fe0a214"
  name = "github.com/StackExchange/wmi"
  packages = ["."]
  pruneopts = "UT"
  revision = "5d049714c4a64225c3c79a7cf7d02f7fb5b96338"
  version = "1.0.0"

[[projects]]
  branch = "master"
  digest = "1:c716a1eeab768b7ed735d26c3ca13d22dc2858c6527c23b47931d33962da5401"
  name = "github.com/axamon/easyapiclient"
  packages = ["."]
  pruneopts = "UT"
  revision = "5c77e993015224956afb02ba457c9f8533943787"

[[projects]]
  digest = "1:240ab29ba1b9037843e8b6963990fa9f94f400cfb048ceda16cec37148bd368a"
  name = "github.com/corvus-ch/shamir"
  packages = ["."]
  pruneopts = "UT"
  revision = "7021e2e97250df11b66cd689b5b65e9e2e0d5203"
  version = "v1.0.0"

[[projects]]
  digest = "1:1c70b4d7285f792bd387c1adac08825715147fa210b3d2826ffd2bf56be9455b"
  name = "github.com/go-chi/chi"
  packages = ["."]
  pruneopts = "UT"
  revision = "da24bba8dcd4021cafac38724bf10dccc97c3e36"
  version = "v4.0.2"

[[projects]]
  digest = "1:440028f55cb322d8cb5b9d5ebec298a00b7d74690a658fe6b1c0c0b44341bfae"
  name = "github.com/go-ole/go-ole"
  packages = [
    ".",
    "oleutil",
  ]
  pruneopts = "UT"
  revision = "97b6244175ae18ea6eef668034fd6565847501c9"
  version = "v1.2.4"

[[projects]]
  branch = "master"
  digest = "1:0778dc7fce1b4669a8bfa7ae506ec1f595b6ab0f8989c1c0d22a8ca1144e9972"
  name = "github.com/howeyc/gopass"
  packages = ["."]
  pruneopts = "UT"
  revision = "bf9dde6d0d2c004a008c27aaee91170c786f6db8"

[[projects]]
  digest = "1:06beb0267d371682c86038b27566af800a1cb59e07cc099c904c945008b4392e"
  name = "github.com/shirou/gopsutil"
  packages = [
    "cpu",
    "host",
    "internal/common",
    "mem",
    "net",
    "process",
  ]
  pruneopts = "UT"
  revision = "4c8b404ee5c53b04b04f34b1744a26bf5d2910de"
  version = "v2.19.6"

[[projects]]
  branch = "master"
  digest = "1:99c6a6dab47067c9b898e8c8b13d130c6ab4ffbcc4b7cc6236c2cd0b1e344f5b"
  name = "github.com/shirou/w32"
  packages = ["."]
  pruneopts = "UT"
  revision = "bb4de0191aa41b5507caa14b0650cdbddcd9280b"

[[projects]]
  digest = "1:dc48dff981a895912c33cf272b1d869c216d058bd4025736cb481d3ceeed6872"
  name = "github.com/tkanos/gonfig"
  packages = ["."]
  pruneopts = "UT"
  revision = "e83209aed2d171bab5ffb312a1e630110481cb99"
  version = "1.0"

[[projects]]
  digest = "1:7d234d4f8223364f6887586e21b828c7f27e184a8ddaa719a3a3d96e45919be5"
  name = "github.com/tobischo/gokeepasslib"
  packages = ["."]
  pruneopts = "UT"
  revision = "6f72869804c7f7f8408939871abddfa633ee6204"
  version = "v1.0.0"

[[projects]]
  branch = "master"
  digest = "1:bbe51412d9915d64ffaa96b51d409e070665efc5194fcf145c4a27d4133107a4"
  name = "golang.org/x/crypto"
  packages = ["ssh/terminal"]
  pruneopts = "UT"
  revision = "4def268fd1a49955bfb3dda92fe3db4f924f2285"

[[projects]]
  branch = "master"
  digest = "1:31d44814b45607afa77c6e8ef20ea8bacc1d1053fe084440c874f311732e7ec3"
  name = "golang.org/x/sys"
  packages = [
    "unix",
    "windows",
  ]
  pruneopts = "UT"
  revision = "fae7ac547cb717d141c433a2a173315e216b64c4"

[solve-meta]
  analyzer-name = "dep"
  analyzer-version = 1
  input-imports = [
    "github.com/axamon/easyapiclient",
    "github.com/corvus-ch/shamir",
    "github.com/go-chi/chi",
    "github.com/howeyc/gopass",
    "github.com/shirou/gopsutil/host",
    "github.com/tkanos/gonfig",
    "github.com/tobischo/gokeepasslib",
  ]
  solver-name = "gps-cdcl"
  solver-version = 1
